
Microsoft Visual Studio Solution File, Format Version 12.00
# Visual Studio Version 17
VisualStudioVersion = 17.4.33213.308
MinimumVisualStudioVersion = 10.0.40219.1
Project("{FAE04EC0-301F-11D3-BF4B-00C04F79EFBC}") = "AppTesteCep.Android", "AppTesteCep\AppTesteCep.Android\AppTesteCep.Android.csproj", "{97D7B204-4CB2-468C-A623-152C15E6D8D9}"
EndProject
Project("{FAE04EC0-301F-11D3-BF4B-00C04F79EFBC}") = "AppTesteCep", "AppTesteCep\AppTesteCep\AppTesteCep.csproj", "{C4E6B9C3-D757-425F-A829-8D87FE8705AD}"
EndProject
Global
	GlobalSection(SolutionConfigurationPlatforms) = preSolution
		Debug|Any CPU = Debug|Any CPU
		Release|Any CPU = Release|Any CPU
	EndGlobalSection
	GlobalSection(ProjectConfigurationPlatforms) = postSolution
		{97D7B204-4CB2-468C-A623-152C15E6D8D9}.Debug|Any CPU.ActiveCfg = Debug|Any CPU
		{97D7B204-4CB2-468C-A623-152C15E6D8D9}.Debug|Any CPU.Build.0 = Debug|Any CPU
		{97D7B204-4CB2-468C-A623-152C15E6D8D9}.Debug|Any CPU.Deploy.0 = Debug|Any CPU
		{97D7B204-4CB2-468C-A623-152C15E6D8D9}.Release|Any CPU.ActiveCfg = Release|Any CPU
		{97D7B204-4CB2-468C-A623-152C15E6D8D9}.Release|Any CPU.Build.0 = Release|Any CPU
		{97D7B204-4CB2-468C-A623-152C15E6D8D9}.Release|Any CPU.Deploy.0 = Release|Any CPU
		{C4E6B9C3-D757-425F-A829-8D87FE8705AD}.Debug|Any CPU.ActiveCfg = Debug|Any CPU
		{C4E6B9C3-D757-425F-A829-8D87FE8705AD}.Debug|Any CPU.Build.0 = Debug|Any CPU
		{C4E6B9C3-D757-425F-A829-8D87FE8705AD}.Debug|Any CPU.Deploy.0 = Debug|Any CPU
		{C4E6B9C3-D757-425F-A829-8D87FE8705AD}.Release|Any CPU.ActiveCfg = Release|Any CPU
		{C4E6B9C3-D757-425F-A829-8D87FE8705AD}.Release|Any CPU.Build.0 = Release|Any CPU
		{C4E6B9C3-D757-425F-A829-8D87FE8705AD}.Release|Any CPU.Deploy.0 = Release|Any CPU
	EndGlobalSection
	GlobalSection(SolutionProperties) = preSolution
		HideSolutionNode = FALSE
	EndGlobalSection
	GlobalSection(ExtensibilityGlobals) = postSolution
		SolutionGuid = {75A7B083-82BE-41C2-B2DF-888779E7091B}
	EndGlobalSection
EndGlobal
